
Microsoft Visual Studio Solution File, Format Version 12.00
# Visual Studio Version 17
VisualStudioVersion = 17.13.35931.197
MinimumVisualStudioVersion = 10.0.40219.1
Project("{FAE04EC0-301F-11D3-BF4B-00C04F79EFBC}") = "day_20", "day_20\day_20.csproj", "{8572CC3D-48AA-4E67-BF24-124BF6DE6589}"
EndProject
Global
	GlobalSection(SolutionConfigurationPlatforms) = preSolution
		Debug|Any CPU = Debug|Any CPU
		Release|Any CPU = Release|Any CPU
	EndGlobalSection
	GlobalSection(ProjectConfigurationPlatforms) = postSolution
		{8572CC3D-48AA-4E67-BF24-124BF6DE6589}.Debug|Any CPU.ActiveCfg = Debug|Any CPU
		{8572CC3D-48AA-4E67-BF24-124BF6DE6589}.Debug|Any CPU.Build.0 = Debug|Any CPU
		{8572CC3D-48AA-4E67-BF24-124BF6DE6589}.Release|Any CPU.ActiveCfg = Release|Any CPU
		{8572CC3D-48AA-4E67-BF24-124BF6DE6589}.Release|Any CPU.Build.0 = Release|Any CPU
	EndGlobalSection
	GlobalSection(SolutionProperties) = preSolution
		HideSolutionNode = FALSE
	EndGlobalSection
	GlobalSection(ExtensibilityGlobals) = postSolution
		SolutionGuid = {E8325743-0A47-42FA-91A4-07F5C4831437}
	EndGlobalSection
EndGlobal
