
Microsoft Visual Studio Solution File, Format Version 12.00
# Visual Studio Version 17
VisualStudioVersion = 17.13.35931.197 d17.13
MinimumVisualStudioVersion = 10.0.40219.1
Project("{FAE04EC0-301F-11D3-BF4B-00C04F79EFBC}") = "day13", "day13\day13.csproj", "{651A2C49-AB6F-4BCA-9607-17A317F5B4AD}"
EndProject
Global
	GlobalSection(SolutionConfigurationPlatforms) = preSolution
		Debug|Any CPU = Debug|Any CPU
		Release|Any CPU = Release|Any CPU
	EndGlobalSection
	GlobalSection(ProjectConfigurationPlatforms) = postSolution
		{651A2C49-AB6F-4BCA-9607-17A317F5B4AD}.Debug|Any CPU.ActiveCfg = Debug|Any CPU
		{651A2C49-AB6F-4BCA-9607-17A317F5B4AD}.Debug|Any CPU.Build.0 = Debug|Any CPU
		{651A2C49-AB6F-4BCA-9607-17A317F5B4AD}.Release|Any CPU.ActiveCfg = Release|Any CPU
		{651A2C49-AB6F-4BCA-9607-17A317F5B4AD}.Release|Any CPU.Build.0 = Release|Any CPU
	EndGlobalSection
	GlobalSection(SolutionProperties) = preSolution
		HideSolutionNode = FALSE
	EndGlobalSection
	GlobalSection(ExtensibilityGlobals) = postSolution
		SolutionGuid = {6B527A9A-A6B5-4F78-919A-1960642AF028}
	EndGlobalSection
EndGlobal
